// !$*UTF8*$!
{
	archiveVersion = 1;
	classes = {
	};
	objectVersion = 46;
	objects = {

/* Begin PBXBuildFile section */
		50D2EEF7B73C9C62B3A33F0B /* Pods_Face.framework in Frameworks */ = {isa = PBXBuildFile; fileRef = E4603B3CA0CB00C252E49F22 /* Pods_Face.framework */; };
		F21C90B51CB91E19008570D5 /* PostedAskTableViewController.swift in Sources */ = {isa = PBXBuildFile; fileRef = F21C90B41CB91E19008570D5 /* PostedAskTableViewController.swift */; };
		F21C90B71CB9269C008570D5 /* NewAskTableViewController.swift in Sources */ = {isa = PBXBuildFile; fileRef = F21C90B61CB9269C008570D5 /* NewAskTableViewController.swift */; };
		F21C90B91CB92827008570D5 /* PopupPickerView.swift in Sources */ = {isa = PBXBuildFile; fileRef = F21C90B81CB92827008570D5 /* PopupPickerView.swift */; };
		F25A690C1CBA7336009F8B24 /* CheckInPreTableViewController.swift in Sources */ = {isa = PBXBuildFile; fileRef = F25A690B1CBA7336009F8B24 /* CheckInPreTableViewController.swift */; };
		F26A46221CBA3DF400AB163C /* MeTableViewController.swift in Sources */ = {isa = PBXBuildFile; fileRef = F26A46211CBA3DF400AB163C /* MeTableViewController.swift */; };
		F26B561F1CC8FDD5001B8E19 /* ModifyPasswordTableViewController.swift in Sources */ = {isa = PBXBuildFile; fileRef = F26B561E1CC8FDD5001B8E19 /* ModifyPasswordTableViewController.swift */; };
		F2754A9D1CB24D8000CDE92E /* AppDelegate.swift in Sources */ = {isa = PBXBuildFile; fileRef = F2754A9C1CB24D8000CDE92E /* AppDelegate.swift */; };
		F2754AA91CB24D8000CDE92E /* LaunchScreen.storyboard in Resources */ = {isa = PBXBuildFile; fileRef = F2754AA71CB24D8000CDE92E /* LaunchScreen.storyboard */; };
		F2754AB11CB24DAF00CDE92E /* Main.storyboard in Resources */ = {isa = PBXBuildFile; fileRef = F2754AB01CB24DAF00CDE92E /* Main.storyboard */; };
		F2754AB31CB24E0600CDE92E /* StudentAuthenticationHelper.swift in Sources */ = {isa = PBXBuildFile; fileRef = F2754AB21CB24E0600CDE92E /* StudentAuthenticationHelper.swift */; };
		F2754AC11CB24E3500CDE92E /* CourseActivityButton.swift in Sources */ = {isa = PBXBuildFile; fileRef = F2754AB51CB24E3500CDE92E /* CourseActivityButton.swift */; };
		F2754AC21CB24E3500CDE92E /* Errors.swift in Sources */ = {isa = PBXBuildFile; fileRef = F2754AB61CB24E3500CDE92E /* Errors.swift */; };
		F2754AC31CB24E3500CDE92E /* Generals.swift in Sources */ = {isa = PBXBuildFile; fileRef = F2754AB71CB24E3500CDE92E /* Generals.swift */; };
		F2754AC61CB24E3500CDE92E /* StudentCourse.swift in Sources */ = {isa = PBXBuildFile; fileRef = F2754ABB1CB24E3500CDE92E /* StudentCourse.swift */; };
		F2754AC71CB24E3500CDE92E /* StudentCourseHelper.swift in Sources */ = {isa = PBXBuildFile; fileRef = F2754ABC1CB24E3500CDE92E /* StudentCourseHelper.swift */; };
		F2754AC81CB24E3500CDE92E /* StudentLoginViewController.swift in Sources */ = {isa = PBXBuildFile; fileRef = F2754ABD1CB24E3500CDE92E /* StudentLoginViewController.swift */; };
		F2754ACD1CB2512B00CDE92E /* Me.swift in Sources */ = {isa = PBXBuildFile; fileRef = F2754ACC1CB2512B00CDE92E /* Me.swift */; };
		F2754ACF1CB2513000CDE92E /* Teacher.swift in Sources */ = {isa = PBXBuildFile; fileRef = F2754ACE1CB2513000CDE92E /* Teacher.swift */; };
		F2754AD31CB2515B00CDE92E /* MBProgressHUD.m in Sources */ = {isa = PBXBuildFile; fileRef = F2754AD21CB2515B00CDE92E /* MBProgressHUD.m */; };
		F2754AD51CB251B800CDE92E /* TimesAndRooms.swift in Sources */ = {isa = PBXBuildFile; fileRef = F2754AD41CB251B800CDE92E /* TimesAndRooms.swift */; };
		F2754ADC1CB2524800CDE92E /* FaceImage.swift in Sources */ = {isa = PBXBuildFile; fileRef = F2754AD71CB2524800CDE92E /* FaceImage.swift */; };
		F2754ADD1CB2524800CDE92E /* PhotoCollectionViewCell.swift in Sources */ = {isa = PBXBuildFile; fileRef = F2754AD81CB2524800CDE92E /* PhotoCollectionViewCell.swift */; };
		F2754ADE1CB2524800CDE92E /* PhotoGalleryViewController.swift in Sources */ = {isa = PBXBuildFile; fileRef = F2754AD91CB2524800CDE92E /* PhotoGalleryViewController.swift */; };
		F2754ADF1CB2524800CDE92E /* SinglePhotoCollectionViewCell.swift in Sources */ = {isa = PBXBuildFile; fileRef = F2754ADA1CB2524800CDE92E /* SinglePhotoCollectionViewCell.swift */; };
		F2754AE01CB2524800CDE92E /* SinglePhotoViewController.swift in Sources */ = {isa = PBXBuildFile; fileRef = F2754ADB1CB2524800CDE92E /* SinglePhotoViewController.swift */; };
		F2754AE21CB252A700CDE92E /* Images.xcassets in Resources */ = {isa = PBXBuildFile; fileRef = F2754AE11CB252A700CDE92E /* Images.xcassets */; };
		F2754AE41CB2538700CDE92E /* FaceHelper.swift in Sources */ = {isa = PBXBuildFile; fileRef = F2754AE31CB2538700CDE92E /* FaceHelper.swift */; };
		F2754AE61CB27AB200CDE92E /* StudentCourseTableViewController.swift in Sources */ = {isa = PBXBuildFile; fileRef = F2754AE51CB27AB100CDE92E /* StudentCourseTableViewController.swift */; };
		F2754AE81CB27D2B00CDE92E /* ShowFacesPreViewController.swift in Sources */ = {isa = PBXBuildFile; fileRef = F2754AE71CB27D2B00CDE92E /* ShowFacesPreViewController.swift */; };
		F2754AEA1CB284E900CDE92E /* TakePhotoViewController.swift in Sources */ = {isa = PBXBuildFile; fileRef = F2754AE91CB284E900CDE92E /* TakePhotoViewController.swift */; };
		F285DDC21CBA245A007435E8 /* AbsenceTableViewController.swift in Sources */ = {isa = PBXBuildFile; fileRef = F285DDC11CBA245A007435E8 /* AbsenceTableViewController.swift */; };
		F285DDC41CBA25C7007435E8 /* AttendanceTableViewController.swift in Sources */ = {isa = PBXBuildFile; fileRef = F285DDC31CBA25C7007435E8 /* AttendanceTableViewController.swift */; };
		F296E06A1CB7C95B00825894 /* NewStatusAsksTableViewController.swift in Sources */ = {isa = PBXBuildFile; fileRef = F296E0691CB7C95B00825894 /* NewStatusAsksTableViewController.swift */; };
		F296E06D1CB7CA1100825894 /* NewStatusAskTableViewCell.swift in Sources */ = {isa = PBXBuildFile; fileRef = F296E06B1CB7CA1100825894 /* NewStatusAskTableViewCell.swift */; };
		F296E06E1CB7CA1100825894 /* NewStatusAskTableViewCell.xib in Resources */ = {isa = PBXBuildFile; fileRef = F296E06C1CB7CA1100825894 /* NewStatusAskTableViewCell.xib */; };
		F296E0701CB7D34B00825894 /* AskForLeaveTableViewController.swift in Sources */ = {isa = PBXBuildFile; fileRef = F296E06F1CB7D34B00825894 /* AskForLeaveTableViewController.swift */; };
		F2E6E6A51CC05CE600822610 /* QRReaderViewController.swift in Sources */ = {isa = PBXBuildFile; fileRef = F2E6E6A41CC05CE600822610 /* QRReaderViewController.swift */; };
		F2F7994B1CCA230500B0D12B /* EmailTableViewController.swift in Sources */ = {isa = PBXBuildFile; fileRef = F2F7994A1CCA230500B0D12B /* EmailTableViewController.swift */; };
		F2F7994D1CCA3A6500B0D12B /* ResetPasswordUserIDTableViewController.swift in Sources */ = {isa = PBXBuildFile; fileRef = F2F7994C1CCA3A6500B0D12B /* ResetPasswordUserIDTableViewController.swift */; };
		F2F7994F1CCA3BE100B0D12B /* ResetPasswordConfirmTableViewController.swift in Sources */ = {isa = PBXBuildFile; fileRef = F2F7994E1CCA3BE100B0D12B /* ResetPasswordConfirmTableViewController.swift */; };
/* End PBXBuildFile section */

/* Begin PBXFileReference section */
		81B18C14345523BE748C7B25 /* Pods-Face.debug.xcconfig */ = {isa = PBXFileReference; includeInIndex = 1; lastKnownFileType = text.xcconfig; name = "Pods-Face.debug.xcconfig"; path = "Pods/Target Support Files/Pods-Face/Pods-Face.debug.xcconfig"; sourceTree = "<group>"; };
		C5861AFDBB1933DA8D5E07B6 /* Pods-Face.release.xcconfig */ = {isa = PBXFileReference; includeInIndex = 1; lastKnownFileType = text.xcconfig; name = "Pods-Face.release.xcconfig"; path = "Pods/Target Support Files/Pods-Face/Pods-Face.release.xcconfig"; sourceTree = "<group>"; };
		E4603B3CA0CB00C252E49F22 /* Pods_Face.framework */ = {isa = PBXFileReference; explicitFileType = wrapper.framework; includeInIndex = 0; path = Pods_Face.framework; sourceTree = BUILT_PRODUCTS_DIR; };
		F21C90B41CB91E19008570D5 /* PostedAskTableViewController.swift */ = {isa = PBXFileReference; fileEncoding = 4; lastKnownFileType = sourcecode.swift; path = PostedAskTableViewController.swift; sourceTree = "<group>"; };
		F21C90B61CB9269C008570D5 /* NewAskTableViewController.swift */ = {isa = PBXFileReference; fileEncoding = 4; lastKnownFileType = sourcecode.swift; path = NewAskTableViewController.swift; sourceTree = "<group>"; };
		F21C90B81CB92827008570D5 /* PopupPickerView.swift */ = {isa = PBXFileReference; fileEncoding = 4; lastKnownFileType = sourcecode.swift; path = PopupPickerView.swift; sourceTree = "<group>"; };
		F25A690B1CBA7336009F8B24 /* CheckInPreTableViewController.swift */ = {isa = PBXFileReference; fileEncoding = 4; lastKnownFileType = sourcecode.swift; path = CheckInPreTableViewController.swift; sourceTree = "<group>"; };
		F26A46211CBA3DF400AB163C /* MeTableViewController.swift */ = {isa = PBXFileReference; fileEncoding = 4; lastKnownFileType = sourcecode.swift; path = MeTableViewController.swift; sourceTree = "<group>"; };
		F26B561E1CC8FDD5001B8E19 /* ModifyPasswordTableViewController.swift */ = {isa = PBXFileReference; fileEncoding = 4; lastKnownFileType = sourcecode.swift; path = ModifyPasswordTableViewController.swift; sourceTree = "<group>"; };
		F2754A991CB24D8000CDE92E /* Face.app */ = {isa = PBXFileReference; explicitFileType = wrapper.application; includeInIndex = 0; path = Face.app; sourceTree = BUILT_PRODUCTS_DIR; };
		F2754A9C1CB24D8000CDE92E /* AppDelegate.swift */ = {isa = PBXFileReference; lastKnownFileType = sourcecode.swift; path = AppDelegate.swift; sourceTree = "<group>"; };
		F2754AA81CB24D8000CDE92E /* Base */ = {isa = PBXFileReference; lastKnownFileType = file.storyboard; name = Base; path = Base.lproj/LaunchScreen.storyboard; sourceTree = "<group>"; };
		F2754AAA1CB24D8000CDE92E /* Info.plist */ = {isa = PBXFileReference; lastKnownFileType = text.plist.xml; path = Info.plist; sourceTree = "<group>"; };
		F2754AB01CB24DAF00CDE92E /* Main.storyboard */ = {isa = PBXFileReference; fileEncoding = 4; lastKnownFileType = file.storyboard; path = Main.storyboard; sourceTree = "<group>"; };
		F2754AB21CB24E0600CDE92E /* StudentAuthenticationHelper.swift */ = {isa = PBXFileReference; fileEncoding = 4; lastKnownFileType = sourcecode.swift; path = StudentAuthenticationHelper.swift; sourceTree = "<group>"; };
		F2754AB51CB24E3500CDE92E /* CourseActivityButton.swift */ = {isa = PBXFileReference; fileEncoding = 4; lastKnownFileType = sourcecode.swift; path = CourseActivityButton.swift; sourceTree = "<group>"; };
		F2754AB61CB24E3500CDE92E /* Errors.swift */ = {isa = PBXFileReference; fileEncoding = 4; lastKnownFileType = sourcecode.swift; path = Errors.swift; sourceTree = "<group>"; };
		F2754AB71CB24E3500CDE92E /* Generals.swift */ = {isa = PBXFileReference; fileEncoding = 4; lastKnownFileType = sourcecode.swift; path = Generals.swift; sourceTree = "<group>"; };
		F2754ABB1CB24E3500CDE92E /* StudentCourse.swift */ = {isa = PBXFileReference; fileEncoding = 4; lastKnownFileType = sourcecode.swift; path = StudentCourse.swift; sourceTree = "<group>"; };
		F2754ABC1CB24E3500CDE92E /* StudentCourseHelper.swift */ = {isa = PBXFileReference; fileEncoding = 4; lastKnownFileType = sourcecode.swift; path = StudentCourseHelper.swift; sourceTree = "<group>"; };
		F2754ABD1CB24E3500CDE92E /* StudentLoginViewController.swift */ = {isa = PBXFileReference; fileEncoding = 4; lastKnownFileType = sourcecode.swift; path = StudentLoginViewController.swift; sourceTree = "<group>"; };
		F2754ACC1CB2512B00CDE92E /* Me.swift */ = {isa = PBXFileReference; fileEncoding = 4; lastKnownFileType = sourcecode.swift; path = Me.swift; sourceTree = "<group>"; };
		F2754ACE1CB2513000CDE92E /* Teacher.swift */ = {isa = PBXFileReference; fileEncoding = 4; lastKnownFileType = sourcecode.swift; path = Teacher.swift; sourceTree = "<group>"; };
		F2754AD01CB2515A00CDE92E /* Face-Bridging-Header.h */ = {isa = PBXFileReference; lastKnownFileType = sourcecode.c.h; path = "Face-Bridging-Header.h"; sourceTree = "<group>"; };
		F2754AD11CB2515B00CDE92E /* MBProgressHUD.h */ = {isa = PBXFileReference; fileEncoding = 4; lastKnownFileType = sourcecode.c.h; path = MBProgressHUD.h; sourceTree = "<group>"; };
		F2754AD21CB2515B00CDE92E /* MBProgressHUD.m */ = {isa = PBXFileReference; fileEncoding = 4; lastKnownFileType = sourcecode.c.objc; path = MBProgressHUD.m; sourceTree = "<group>"; };
		F2754AD41CB251B800CDE92E /* TimesAndRooms.swift */ = {isa = PBXFileReference; fileEncoding = 4; lastKnownFileType = sourcecode.swift; path = TimesAndRooms.swift; sourceTree = "<group>"; };
		F2754AD71CB2524800CDE92E /* FaceImage.swift */ = {isa = PBXFileReference; fileEncoding = 4; lastKnownFileType = sourcecode.swift; path = FaceImage.swift; sourceTree = "<group>"; };
		F2754AD81CB2524800CDE92E /* PhotoCollectionViewCell.swift */ = {isa = PBXFileReference; fileEncoding = 4; lastKnownFileType = sourcecode.swift; path = PhotoCollectionViewCell.swift; sourceTree = "<group>"; };
		F2754AD91CB2524800CDE92E /* PhotoGalleryViewController.swift */ = {isa = PBXFileReference; fileEncoding = 4; lastKnownFileType = sourcecode.swift; path = PhotoGalleryViewController.swift; sourceTree = "<group>"; };
		F2754ADA1CB2524800CDE92E /* SinglePhotoCollectionViewCell.swift */ = {isa = PBXFileReference; fileEncoding = 4; lastKnownFileType = sourcecode.swift; path = SinglePhotoCollectionViewCell.swift; sourceTree = "<group>"; };
		F2754ADB1CB2524800CDE92E /* SinglePhotoViewController.swift */ = {isa = PBXFileReference; fileEncoding = 4; lastKnownFileType = sourcecode.swift; path = SinglePhotoViewController.swift; sourceTree = "<group>"; };
		F2754AE11CB252A700CDE92E /* Images.xcassets */ = {isa = PBXFileReference; lastKnownFileType = folder.assetcatalog; path = Images.xcassets; sourceTree = "<group>"; };
		F2754AE31CB2538700CDE92E /* FaceHelper.swift */ = {isa = PBXFileReference; fileEncoding = 4; lastKnownFileType = sourcecode.swift; path = FaceHelper.swift; sourceTree = "<group>"; };
		F2754AE51CB27AB100CDE92E /* StudentCourseTableViewController.swift */ = {isa = PBXFileReference; fileEncoding = 4; lastKnownFileType = sourcecode.swift; path = StudentCourseTableViewController.swift; sourceTree = "<group>"; };
		F2754AE71CB27D2B00CDE92E /* ShowFacesPreViewController.swift */ = {isa = PBXFileReference; fileEncoding = 4; lastKnownFileType = sourcecode.swift; path = ShowFacesPreViewController.swift; sourceTree = "<group>"; };
		F2754AE91CB284E900CDE92E /* TakePhotoViewController.swift */ = {isa = PBXFileReference; fileEncoding = 4; lastKnownFileType = sourcecode.swift; path = TakePhotoViewController.swift; sourceTree = "<group>"; };
		F285DDC11CBA245A007435E8 /* AbsenceTableViewController.swift */ = {isa = PBXFileReference; fileEncoding = 4; lastKnownFileType = sourcecode.swift; path = AbsenceTableViewController.swift; sourceTree = "<group>"; };
		F285DDC31CBA25C7007435E8 /* AttendanceTableViewController.swift */ = {isa = PBXFileReference; fileEncoding = 4; lastKnownFileType = sourcecode.swift; path = AttendanceTableViewController.swift; sourceTree = "<group>"; };
		F296E0691CB7C95B00825894 /* NewStatusAsksTableViewController.swift */ = {isa = PBXFileReference; fileEncoding = 4; lastKnownFileType = sourcecode.swift; path = NewStatusAsksTableViewController.swift; sourceTree = "<group>"; };
		F296E06B1CB7CA1100825894 /* NewStatusAskTableViewCell.swift */ = {isa = PBXFileReference; fileEncoding = 4; lastKnownFileType = sourcecode.swift; path = NewStatusAskTableViewCell.swift; sourceTree = "<group>"; };
		F296E06C1CB7CA1100825894 /* NewStatusAskTableViewCell.xib */ = {isa = PBXFileReference; fileEncoding = 4; lastKnownFileType = file.xib; path = NewStatusAskTableViewCell.xib; sourceTree = "<group>"; };
		F296E06F1CB7D34B00825894 /* AskForLeaveTableViewController.swift */ = {isa = PBXFileReference; fileEncoding = 4; lastKnownFileType = sourcecode.swift; path = AskForLeaveTableViewController.swift; sourceTree = "<group>"; };
		F2E6E6A41CC05CE600822610 /* QRReaderViewController.swift */ = {isa = PBXFileReference; fileEncoding = 4; lastKnownFileType = sourcecode.swift; path = QRReaderViewController.swift; sourceTree = "<group>"; };
		F2F7994A1CCA230500B0D12B /* EmailTableViewController.swift */ = {isa = PBXFileReference; fileEncoding = 4; lastKnownFileType = sourcecode.swift; path = EmailTableViewController.swift; sourceTree = "<group>"; };
		F2F7994C1CCA3A6500B0D12B /* ResetPasswordUserIDTableViewController.swift */ = {isa = PBXFileReference; fileEncoding = 4; lastKnownFileType = sourcecode.swift; path = ResetPasswordUserIDTableViewController.swift; sourceTree = "<group>"; };
		F2F7994E1CCA3BE100B0D12B /* ResetPasswordConfirmTableViewController.swift */ = {isa = PBXFileReference; fileEncoding = 4; lastKnownFileType = sourcecode.swift; path = ResetPasswordConfirmTableViewController.swift; sourceTree = "<group>"; };
/* End PBXFileReference section */

/* Begin PBXFrameworksBuildPhase section */
		F2754A961CB24D8000CDE92E /* Frameworks */ = {
			isa = PBXFrameworksBuildPhase;
			buildActionMask = 2147483647;
			files = (
				50D2EEF7B73C9C62B3A33F0B /* Pods_Face.framework in Frameworks */,
			);
			runOnlyForDeploymentPostprocessing = 0;
		};
/* End PBXFrameworksBuildPhase section */

/* Begin PBXGroup section */
		1C09047ACEE1417EFA0D67F1 /* Pods */ = {
			isa = PBXGroup;
			children = (
				81B18C14345523BE748C7B25 /* Pods-Face.debug.xcconfig */,
				C5861AFDBB1933DA8D5E07B6 /* Pods-Face.release.xcconfig */,
			);
			name = Pods;
			sourceTree = "<group>";
		};
		BE873D4796D5E8B5FD95AC82 /* Frameworks */ = {
			isa = PBXGroup;
			children = (
				E4603B3CA0CB00C252E49F22 /* Pods_Face.framework */,
			);
			name = Frameworks;
			sourceTree = "<group>";
		};
		F2754A901CB24D8000CDE92E = {
			isa = PBXGroup;
			children = (
				F2754A9B1CB24D8000CDE92E /* Face */,
				F2754A9A1CB24D8000CDE92E /* Products */,
				1C09047ACEE1417EFA0D67F1 /* Pods */,
				BE873D4796D5E8B5FD95AC82 /* Frameworks */,
			);
			sourceTree = "<group>";
		};
		F2754A9A1CB24D8000CDE92E /* Products */ = {
			isa = PBXGroup;
			children = (
				F2754A991CB24D8000CDE92E /* Face.app */,
			);
			name = Products;
			sourceTree = "<group>";
		};
		F2754A9B1CB24D8000CDE92E /* Face */ = {
			isa = PBXGroup;
			children = (
				F285DDC11CBA245A007435E8 /* AbsenceTableViewController.swift */,
				F2754A9C1CB24D8000CDE92E /* AppDelegate.swift */,
				F296E06F1CB7D34B00825894 /* AskForLeaveTableViewController.swift */,
				F285DDC31CBA25C7007435E8 /* AttendanceTableViewController.swift */,
				F25A690B1CBA7336009F8B24 /* CheckInPreTableViewController.swift */,
				F2754AB51CB24E3500CDE92E /* CourseActivityButton.swift */,
				F2F7994A1CCA230500B0D12B /* EmailTableViewController.swift */,
				F2754AB61CB24E3500CDE92E /* Errors.swift */,
				F2754AD01CB2515A00CDE92E /* Face-Bridging-Header.h */,
				F2754AE31CB2538700CDE92E /* FaceHelper.swift */,
				F2754AB71CB24E3500CDE92E /* Generals.swift */,
				F2754AE11CB252A700CDE92E /* Images.xcassets */,
				F2754AAA1CB24D8000CDE92E /* Info.plist */,
				F2754AA71CB24D8000CDE92E /* LaunchScreen.storyboard */,
				F2754AB01CB24DAF00CDE92E /* Main.storyboard */,
				F2754AD11CB2515B00CDE92E /* MBProgressHUD.h */,
				F2754AD21CB2515B00CDE92E /* MBProgressHUD.m */,
				F2754ACC1CB2512B00CDE92E /* Me.swift */,
				F26A46211CBA3DF400AB163C /* MeTableViewController.swift */,
				F26B561E1CC8FDD5001B8E19 /* ModifyPasswordTableViewController.swift */,
				F21C90B61CB9269C008570D5 /* NewAskTableViewController.swift */,
				F296E0691CB7C95B00825894 /* NewStatusAsksTableViewController.swift */,
				F296E06B1CB7CA1100825894 /* NewStatusAskTableViewCell.swift */,
				F296E06C1CB7CA1100825894 /* NewStatusAskTableViewCell.xib */,
				F2754AD61CB2521A00CDE92E /* PhotoGallery */,
				F21C90B81CB92827008570D5 /* PopupPickerView.swift */,
				F21C90B41CB91E19008570D5 /* PostedAskTableViewController.swift */,
				F2E6E6A41CC05CE600822610 /* QRReaderViewController.swift */,
				F2F7994E1CCA3BE100B0D12B /* ResetPasswordConfirmTableViewController.swift */,
				F2F7994C1CCA3A6500B0D12B /* ResetPasswordUserIDTableViewController.swift */,
				F2754AE71CB27D2B00CDE92E /* ShowFacesPreViewController.swift */,
				F2754AB21CB24E0600CDE92E /* StudentAuthenticationHelper.swift */,
				F2754ABB1CB24E3500CDE92E /* StudentCourse.swift */,
				F2754ABC1CB24E3500CDE92E /* StudentCourseHelper.swift */,
				F2754AE51CB27AB100CDE92E /* StudentCourseTableViewController.swift */,
				F2754ABD1CB24E3500CDE92E /* StudentLoginViewController.swift */,
				F2754AE91CB284E900CDE92E /* TakePhotoViewController.swift */,
				F2754ACE1CB2513000CDE92E /* Teacher.swift */,
				F2754AD41CB251B800CDE92E /* TimesAndRooms.swift */,
			);
			path = Face;
			sourceTree = "<group>";
		};
		F2754AD61CB2521A00CDE92E /* PhotoGallery */ = {
			isa = PBXGroup;
			children = (
				F2754AD71CB2524800CDE92E /* FaceImage.swift */,
				F2754AD81CB2524800CDE92E /* PhotoCollectionViewCell.swift */,
				F2754AD91CB2524800CDE92E /* PhotoGalleryViewController.swift */,
				F2754ADA1CB2524800CDE92E /* SinglePhotoCollectionViewCell.swift */,
				F2754ADB1CB2524800CDE92E /* SinglePhotoViewController.swift */,
			);
			name = PhotoGallery;
			sourceTree = "<group>";
		};
/* End PBXGroup section */

/* Begin PBXNativeTarget section */
		F2754A981CB24D8000CDE92E /* Face */ = {
			isa = PBXNativeTarget;
			buildConfigurationList = F2754AAD1CB24D8000CDE92E /* Build configuration list for PBXNativeTarget "Face" */;
			buildPhases = (
				02D488C47323EDB79E3AA5F2 /* Check Pods Manifest.lock */,
				F2754A951CB24D8000CDE92E /* Sources */,
				F2754A961CB24D8000CDE92E /* Frameworks */,
				F2754A971CB24D8000CDE92E /* Resources */,
				AED0871D7851756FB61FF2B7 /* Embed Pods Frameworks */,
				E71B07799D74A83E0EE16304 /* Copy Pods Resources */,
			);
			buildRules = (
			);
			dependencies = (
			);
			name = Face;
			productName = Face;
			productReference = F2754A991CB24D8000CDE92E /* Face.app */;
			productType = "com.apple.product-type.application";
		};
/* End PBXNativeTarget section */

/* Begin PBXProject section */
		F2754A911CB24D8000CDE92E /* Project object */ = {
			isa = PBXProject;
			attributes = {
				LastSwiftUpdateCheck = 0730;
				LastUpgradeCheck = 0730;
				ORGANIZATIONNAME = Harold;
				TargetAttributes = {
					F2754A981CB24D8000CDE92E = {
						CreatedOnToolsVersion = 7.3;
						DevelopmentTeam = G939QJ6E49;
					};
				};
			};
			buildConfigurationList = F2754A941CB24D8000CDE92E /* Build configuration list for PBXProject "Face" */;
			compatibilityVersion = "Xcode 3.2";
			developmentRegion = English;
			hasScannedForEncodings = 0;
			knownRegions = (
				en,
				Base,
			);
			mainGroup = F2754A901CB24D8000CDE92E;
			productRefGroup = F2754A9A1CB24D8000CDE92E /* Products */;
			projectDirPath = "";
			projectRoot = "";
			targets = (
				F2754A981CB24D8000CDE92E /* Face */,
			);
		};
/* End PBXProject section */

/* Begin PBXResourcesBuildPhase section */
		F2754A971CB24D8000CDE92E /* Resources */ = {
			isa = PBXResourcesBuildPhase;
			buildActionMask = 2147483647;
			files = (
				F2754AB11CB24DAF00CDE92E /* Main.storyboard in Resources */,
				F2754AE21CB252A700CDE92E /* Images.xcassets in Resources */,
				F296E06E1CB7CA1100825894 /* NewStatusAskTableViewCell.xib in Resources */,
				F2754AA91CB24D8000CDE92E /* LaunchScreen.storyboard in Resources */,
			);
			runOnlyForDeploymentPostprocessing = 0;
		};
/* End PBXResourcesBuildPhase section */

/* Begin PBXShellScriptBuildPhase section */
		02D488C47323EDB79E3AA5F2 /* Check Pods Manifest.lock */ = {
			isa = PBXShellScriptBuildPhase;
			buildActionMask = 2147483647;
			files = (
			);
			inputPaths = (
			);
			name = "Check Pods Manifest.lock";
			outputPaths = (
			);
			runOnlyForDeploymentPostprocessing = 0;
			shellPath = /bin/sh;
			shellScript = "diff \"${PODS_ROOT}/../Podfile.lock\" \"${PODS_ROOT}/Manifest.lock\" > /dev/null\nif [[ $? != 0 ]] ; then\n    cat << EOM\nerror: The sandbox is not in sync with the Podfile.lock. Run 'pod install' or update your CocoaPods installation.\nEOM\n    exit 1\nfi\n";
			showEnvVarsInLog = 0;
		};
		AED0871D7851756FB61FF2B7 /* Embed Pods Frameworks */ = {
			isa = PBXShellScriptBuildPhase;
			buildActionMask = 2147483647;
			files = (
			);
			inputPaths = (
			);
			name = "Embed Pods Frameworks";
			outputPaths = (
			);
			runOnlyForDeploymentPostprocessing = 0;
			shellPath = /bin/sh;
			shellScript = "\"${SRCROOT}/Pods/Target Support Files/Pods-Face/Pods-Face-frameworks.sh\"\n";
			showEnvVarsInLog = 0;
		};
		E71B07799D74A83E0EE16304 /* Copy Pods Resources */ = {
			isa = PBXShellScriptBuildPhase;
			buildActionMask = 2147483647;
			files = (
			);
			inputPaths = (
			);
			name = "Copy Pods Resources";
			outputPaths = (
			);
			runOnlyForDeploymentPostprocessing = 0;
			shellPath = /bin/sh;
			shellScript = "\"${SRCROOT}/Pods/Target Support Files/Pods-Face/Pods-Face-resources.sh\"\n";
			showEnvVarsInLog = 0;
		};
/* End PBXShellScriptBuildPhase section */

/* Begin PBXSourcesBuildPhase section */
		F2754A951CB24D8000CDE92E /* Sources */ = {
			isa = PBXSourcesBuildPhase;
			buildActionMask = 2147483647;
			files = (
				F2754AE01CB2524800CDE92E /* SinglePhotoViewController.swift in Sources */,
				F21C90B71CB9269C008570D5 /* NewAskTableViewController.swift in Sources */,
				F2754AC31CB24E3500CDE92E /* Generals.swift in Sources */,
				F2F7994D1CCA3A6500B0D12B /* ResetPasswordUserIDTableViewController.swift in Sources */,
				F2754AC71CB24E3500CDE92E /* StudentCourseHelper.swift in Sources */,
				F2754AD51CB251B800CDE92E /* TimesAndRooms.swift in Sources */,
				F2754AC21CB24E3500CDE92E /* Errors.swift in Sources */,
				F21C90B51CB91E19008570D5 /* PostedAskTableViewController.swift in Sources */,
				F2754ADD1CB2524800CDE92E /* PhotoCollectionViewCell.swift in Sources */,
				F2754ACD1CB2512B00CDE92E /* Me.swift in Sources */,
				F296E06D1CB7CA1100825894 /* NewStatusAskTableViewCell.swift in Sources */,
				F2754ACF1CB2513000CDE92E /* Teacher.swift in Sources */,
				F26B561F1CC8FDD5001B8E19 /* ModifyPasswordTableViewController.swift in Sources */,
				F2E6E6A51CC05CE600822610 /* QRReaderViewController.swift in Sources */,
				F2754AE61CB27AB200CDE92E /* StudentCourseTableViewController.swift in Sources */,
				F296E06A1CB7C95B00825894 /* NewStatusAsksTableViewController.swift in Sources */,
				F285DDC21CBA245A007435E8 /* AbsenceTableViewController.swift in Sources */,
				F2754AC81CB24E3500CDE92E /* StudentLoginViewController.swift in Sources */,
				F2754AD31CB2515B00CDE92E /* MBProgressHUD.m in Sources */,
				F2754AE81CB27D2B00CDE92E /* ShowFacesPreViewController.swift in Sources */,
				F2754A9D1CB24D8000CDE92E /* AppDelegate.swift in Sources */,
				F2F7994B1CCA230500B0D12B /* EmailTableViewController.swift in Sources */,
				F2754ADC1CB2524800CDE92E /* FaceImage.swift in Sources */,
				F2754AC11CB24E3500CDE92E /* CourseActivityButton.swift in Sources */,
				F2754ADE1CB2524800CDE92E /* PhotoGalleryViewController.swift in Sources */,
				F21C90B91CB92827008570D5 /* PopupPickerView.swift in Sources */,
				F2754AE41CB2538700CDE92E /* FaceHelper.swift in Sources */,
				F26A46221CBA3DF400AB163C /* MeTableViewController.swift in Sources */,
				F2754ADF1CB2524800CDE92E /* SinglePhotoCollectionViewCell.swift in Sources */,
				F2754AC61CB24E3500CDE92E /* StudentCourse.swift in Sources */,
				F25A690C1CBA7336009F8B24 /* CheckInPreTableViewController.swift in Sources */,
				F285DDC41CBA25C7007435E8 /* AttendanceTableViewController.swift in Sources */,
				F2754AEA1CB284E900CDE92E /* TakePhotoViewController.swift in Sources */,
				F296E0701CB7D34B00825894 /* AskForLeaveTableViewController.swift in Sources */,
				F2754AB31CB24E0600CDE92E /* StudentAuthenticationHelper.swift in Sources */,
				F2F7994F1CCA3BE100B0D12B /* ResetPasswordConfirmTableViewController.swift in Sources */,
			);
			runOnlyForDeploymentPostprocessing = 0;
		};
/* End PBXSourcesBuildPhase section */

/* Begin PBXVariantGroup section */
		F2754AA71CB24D8000CDE92E /* LaunchScreen.storyboard */ = {
			isa = PBXVariantGroup;
			children = (
				F2754AA81CB24D8000CDE92E /* Base */,
			);
			name = LaunchScreen.storyboard;
			sourceTree = "<group>";
		};
/* End PBXVariantGroup section */

/* Begin XCBuildConfiguration section */
		F2754AAB1CB24D8000CDE92E /* Debug */ = {
			isa = XCBuildConfiguration;
			buildSettings = {
				ALWAYS_SEARCH_USER_PATHS = NO;
				CLANG_ANALYZER_NONNULL = YES;
				CLANG_CXX_LANGUAGE_STANDARD = "gnu++0x";
				CLANG_CXX_LIBRARY = "libc++";
				CLANG_ENABLE_MODULES = YES;
				CLANG_ENABLE_OBJC_ARC = YES;
				CLANG_WARN_BOOL_CONVERSION = YES;
				CLANG_WARN_CONSTANT_CONVERSION = YES;
				CLANG_WARN_DIRECT_OBJC_ISA_USAGE = YES_ERROR;
				CLANG_WARN_EMPTY_BODY = YES;
				CLANG_WARN_ENUM_CONVERSION = YES;
				CLANG_WARN_INT_CONVERSION = YES;
				CLANG_WARN_OBJC_ROOT_CLASS = YES_ERROR;
				CLANG_WARN_UNREACHABLE_CODE = YES;
				CLANG_WARN__DUPLICATE_METHOD_MATCH = YES;
				"CODE_SIGN_IDENTITY[sdk=iphoneos*]" = "iPhone Developer";
				COPY_PHASE_STRIP = NO;
				DEBUG_INFORMATION_FORMAT = dwarf;
				ENABLE_STRICT_OBJC_MSGSEND = YES;
				ENABLE_TESTABILITY = YES;
				GCC_C_LANGUAGE_STANDARD = gnu99;
				GCC_DYNAMIC_NO_PIC = NO;
				GCC_NO_COMMON_BLOCKS = YES;
				GCC_OPTIMIZATION_LEVEL = 0;
				GCC_PREPROCESSOR_DEFINITIONS = (
					"DEBUG=1",
					"$(inherited)",
				);
				GCC_WARN_64_TO_32_BIT_CONVERSION = YES;
				GCC_WARN_ABOUT_RETURN_TYPE = YES_ERROR;
				GCC_WARN_UNDECLARED_SELECTOR = YES;
				GCC_WARN_UNINITIALIZED_AUTOS = YES_AGGRESSIVE;
				GCC_WARN_UNUSED_FUNCTION = YES;
				GCC_WARN_UNUSED_VARIABLE = YES;
				IPHONEOS_DEPLOYMENT_TARGET = 9.3;
				MTL_ENABLE_DEBUG_INFO = YES;
				ONLY_ACTIVE_ARCH = YES;
				SDKROOT = iphoneos;
				SWIFT_OPTIMIZATION_LEVEL = "-Onone";
			};
			name = Debug;
		};
		F2754AAC1CB24D8000CDE92E /* Release */ = {
			isa = XCBuildConfiguration;
			buildSettings = {
				ALWAYS_SEARCH_USER_PATHS = NO;
				CLANG_ANALYZER_NONNULL = YES;
				CLANG_CXX_LANGUAGE_STANDARD = "gnu++0x";
				CLANG_CXX_LIBRARY = "libc++";
				CLANG_ENABLE_MODULES = YES;
				CLANG_ENABLE_OBJC_ARC = YES;
				CLANG_WARN_BOOL_CONVERSION = YES;
				CLANG_WARN_CONSTANT_CONVERSION = YES;
				CLANG_WARN_DIRECT_OBJC_ISA_USAGE = YES_ERROR;
				CLANG_WARN_EMPTY_BODY = YES;
				CLANG_WARN_ENUM_CONVERSION = YES;
				CLANG_WARN_INT_CONVERSION = YES;
				CLANG_WARN_OBJC_ROOT_CLASS = YES_ERROR;
				CLANG_WARN_UNREACHABLE_CODE = YES;
				CLANG_WARN__DUPLICATE_METHOD_MATCH = YES;
				"CODE_SIGN_IDENTITY[sdk=iphoneos*]" = "iPhone Developer";
				COPY_PHASE_STRIP = NO;
				DEBUG_INFORMATION_FORMAT = "dwarf-with-dsym";
				ENABLE_NS_ASSERTIONS = NO;
				ENABLE_STRICT_OBJC_MSGSEND = YES;
				GCC_C_LANGUAGE_STANDARD = gnu99;
				GCC_NO_COMMON_BLOCKS = YES;
				GCC_WARN_64_TO_32_BIT_CONVERSION = YES;
				GCC_WARN_ABOUT_RETURN_TYPE = YES_ERROR;
				GCC_WARN_UNDECLARED_SELECTOR = YES;
				GCC_WARN_UNINITIALIZED_AUTOS = YES_AGGRESSIVE;
				GCC_WARN_UNUSED_FUNCTION = YES;
				GCC_WARN_UNUSED_VARIABLE = YES;
				IPHONEOS_DEPLOYMENT_TARGET = 9.3;
				MTL_ENABLE_DEBUG_INFO = NO;
				SDKROOT = iphoneos;
				VALIDATE_PRODUCT = YES;
			};
			name = Release;
		};
		F2754AAE1CB24D8000CDE92E /* Debug */ = {
			isa = XCBuildConfiguration;
			baseConfigurationReference = 81B18C14345523BE748C7B25 /* Pods-Face.debug.xcconfig */;
			buildSettings = {
				ASSETCATALOG_COMPILER_APPICON_NAME = AppIcon;
				CLANG_ENABLE_MODULES = YES;
				INFOPLIST_FILE = Face/Info.plist;
				LD_RUNPATH_SEARCH_PATHS = "$(inherited) @executable_path/Frameworks";
				PRODUCT_BUNDLE_IDENTIFIER = USTB.Harold.Face;
				PRODUCT_NAME = "$(TARGET_NAME)";
				SWIFT_OBJC_BRIDGING_HEADER = "Face/Face-Bridging-Header.h";
				SWIFT_OPTIMIZATION_LEVEL = "-Onone";
			};
			name = Debug;
		};
		F2754AAF1CB24D8000CDE92E /* Release */ = {
			isa = XCBuildConfiguration;
			baseConfigurationReference = C5861AFDBB1933DA8D5E07B6 /* Pods-Face.release.xcconfig */;
			buildSettings = {
				ASSETCATALOG_COMPILER_APPICON_NAME = AppIcon;
				CLANG_ENABLE_MODULES = YES;
				INFOPLIST_FILE = Face/Info.plist;
				LD_RUNPATH_SEARCH_PATHS = "$(inherited) @executable_path/Frameworks";
				PRODUCT_BUNDLE_IDENTIFIER = USTB.Harold.Face;
				PRODUCT_NAME = "$(TARGET_NAME)";
				SWIFT_OBJC_BRIDGING_HEADER = "Face/Face-Bridging-Header.h";
			};
			name = Release;
		};
/* End XCBuildConfiguration section */

/* Begin XCConfigurationList section */
		F2754A941CB24D8000CDE92E /* Build configuration list for PBXProject "Face" */ = {
			isa = XCConfigurationList;
			buildConfigurations = (
				F2754AAB1CB24D8000CDE92E /* Debug */,
				F2754AAC1CB24D8000CDE92E /* Release */,
			);
			defaultConfigurationIsVisible = 0;
			defaultConfigurationName = Release;
		};
		F2754AAD1CB24D8000CDE92E /* Build configuration list for PBXNativeTarget "Face" */ = {
			isa = XCConfigurationList;
			buildConfigurations = (
				F2754AAE1CB24D8000CDE92E /* Debug */,
				F2754AAF1CB24D8000CDE92E /* Release */,
			);
			defaultConfigurationIsVisible = 0;
			defaultConfigurationName = Release;
		};
/* End XCConfigurationList section */
	};
	rootObject = F2754A911CB24D8000CDE92E /* Project object */;
}
